
Microsoft Visual Studio Solution File, Format Version 12.00
# Visual Studio Version 17
VisualStudioVersion = 17.11.35219.272
MinimumVisualStudioVersion = 10.0.40219.1
Project("{9A19103F-16F7-4668-BE54-9A1E7A4F7556}") = "CommonObjects", "CommonObjects\CommonObjects.csproj", "{7ADA2DE7-A672-4FEE-BEDF-FBE62AAA05F5}"
EndProject
Project("{9A19103F-16F7-4668-BE54-9A1E7A4F7556}") = "UIRazor", "RazorUI\UIRazor.csproj", "{6C314BEA-7A2F-40C8-8E4D-BDD61F75499E}"
EndProject
Project("{9A19103F-16F7-4668-BE54-9A1E7A4F7556}") = "WebApi", "WebApi\WebApi.csproj", "{7CEECE8B-1E2D-4901-9AAE-338B6F8C6AEC}"
EndProject
Global
	GlobalSection(SolutionConfigurationPlatforms) = preSolution
		Debug|Any CPU = Debug|Any CPU
		Release|Any CPU = Release|Any CPU
	EndGlobalSection
	GlobalSection(ProjectConfigurationPlatforms) = postSolution
		{7ADA2DE7-A672-4FEE-BEDF-FBE62AAA05F5}.Debug|Any CPU.ActiveCfg = Debug|Any CPU
		{7ADA2DE7-A672-4FEE-BEDF-FBE62AAA05F5}.Debug|Any CPU.Build.0 = Debug|Any CPU
		{7ADA2DE7-A672-4FEE-BEDF-FBE62AAA05F5}.Release|Any CPU.ActiveCfg = Release|Any CPU
		{7ADA2DE7-A672-4FEE-BEDF-FBE62AAA05F5}.Release|Any CPU.Build.0 = Release|Any CPU
		{6C314BEA-7A2F-40C8-8E4D-BDD61F75499E}.Debug|Any CPU.ActiveCfg = Debug|Any CPU
		{6C314BEA-7A2F-40C8-8E4D-BDD61F75499E}.Debug|Any CPU.Build.0 = Debug|Any CPU
		{6C314BEA-7A2F-40C8-8E4D-BDD61F75499E}.Release|Any CPU.ActiveCfg = Release|Any CPU
		{6C314BEA-7A2F-40C8-8E4D-BDD61F75499E}.Release|Any CPU.Build.0 = Release|Any CPU
		{7CEECE8B-1E2D-4901-9AAE-338B6F8C6AEC}.Debug|Any CPU.ActiveCfg = Debug|Any CPU
		{7CEECE8B-1E2D-4901-9AAE-338B6F8C6AEC}.Debug|Any CPU.Build.0 = Debug|Any CPU
		{7CEECE8B-1E2D-4901-9AAE-338B6F8C6AEC}.Release|Any CPU.ActiveCfg = Release|Any CPU
		{7CEECE8B-1E2D-4901-9AAE-338B6F8C6AEC}.Release|Any CPU.Build.0 = Release|Any CPU
	EndGlobalSection
	GlobalSection(SolutionProperties) = preSolution
		HideSolutionNode = FALSE
	EndGlobalSection
	GlobalSection(ExtensibilityGlobals) = postSolution
		SolutionGuid = {1A66EFB8-DCFE-4F40-8B67-2849C0B79575}
	EndGlobalSection
EndGlobal
